// !$*UTF8*$!
{
	archiveVersion = 1;
	classes = {
	};
	objectVersion = 46;
	objects = {

/* Begin PBXBuildFile section */
		D84014FF1EBCFAA2004A3C44 /* KDTree.swift in Sources */ = {isa = PBXBuildFile; fileRef = D84014FE1EBCFAA2004A3C44 /* KDTree.swift */; };
		D84015021EBCFBFE004A3C44 /* TPAStorage.swift in Sources */ = {isa = PBXBuildFile; fileRef = D84015011EBCFBFE004A3C44 /* TPAStorage.swift */; };
		D84015041EBD0442004A3C44 /* TPADictionary.swift in Sources */ = {isa = PBXBuildFile; fileRef = D84015031EBD0442004A3C44 /* TPADictionary.swift */; };
		D84135C81EC26E4000500CAD /* TPAArray.swift in Sources */ = {isa = PBXBuildFile; fileRef = D84135C71EC26E4000500CAD /* TPAArray.swift */; };
		D86AD3701EA6BF5100E374BD /* TenPointAveraging.swift in Sources */ = {isa = PBXBuildFile; fileRef = D86AD36F1EA6BF5100E374BD /* TenPointAveraging.swift */; };
		D86AD3721EA6BF5B00E374BD /* PhotoProcessor.swift in Sources */ = {isa = PBXBuildFile; fileRef = D86AD3711EA6BF5B00E374BD /* PhotoProcessor.swift */; };
		D86AD3741EA7D65C00E374BD /* TenPointAveraging.metal in Sources */ = {isa = PBXBuildFile; fileRef = D86AD3731EA7D65C00E374BD /* TenPointAveraging.metal */; };
		D872FD9B1EBEBA18000F4415 /* MosaicCreationTimer.swift in Sources */ = {isa = PBXBuildFile; fileRef = D872FD9A1EBEBA18000F4415 /* MosaicCreationTimer.swift */; };
		D888EDBA1E9D8D360046AF9F /* ImageSelection.swift in Sources */ = {isa = PBXBuildFile; fileRef = D888EDB91E9D8D360046AF9F /* ImageSelection.swift */; };
		D888EDBD1E9D91EF0046AF9F /* NaiveImageSelection.swift in Sources */ = {isa = PBXBuildFile; fileRef = D888EDBC1E9D91EF0046AF9F /* NaiveImageSelection.swift */; };
		D888EDBF1E9D93770046AF9F /* MetalImageSelection.swift in Sources */ = {isa = PBXBuildFile; fileRef = D888EDBE1E9D93770046AF9F /* MetalImageSelection.swift */; };
		D888EDC41EA1977F0046AF9F /* MosaicCreator.swift in Sources */ = {isa = PBXBuildFile; fileRef = D888EDC31EA1977F0046AF9F /* MosaicCreator.swift */; };
		D8A789D31EC4DA6800476642 /* MetalPipeline.swift in Sources */ = {isa = PBXBuildFile; fileRef = D8A789D21EC4DA6800476642 /* MetalPipeline.swift */; };
		D8A789D51EC5145F00476642 /* UIImageFixOrientation.swift in Sources */ = {isa = PBXBuildFile; fileRef = D8A789D41EC5145F00476642 /* UIImageFixOrientation.swift */; };
		D8BDDFC51E9D570200759851 /* AppDelegate.swift in Sources */ = {isa = PBXBuildFile; fileRef = D8BDDFC41E9D570200759851 /* AppDelegate.swift */; };
		D8BDDFC71E9D570200759851 /* ChoosePhotoViewController.swift in Sources */ = {isa = PBXBuildFile; fileRef = D8BDDFC61E9D570200759851 /* ChoosePhotoViewController.swift */; };
		D8BDDFCA1E9D570200759851 /* Main.storyboard in Resources */ = {isa = PBXBuildFile; fileRef = D8BDDFC81E9D570200759851 /* Main.storyboard */; };
		D8BDDFCD1E9D570200759851 /* Mosaix.xcdatamodeld in Sources */ = {isa = PBXBuildFile; fileRef = D8BDDFCB1E9D570200759851 /* Mosaix.xcdatamodeld */; };
		D8BDDFCF1E9D570200759851 /* Assets.xcassets in Resources */ = {isa = PBXBuildFile; fileRef = D8BDDFCE1E9D570200759851 /* Assets.xcassets */; };
		D8BDDFD21E9D570200759851 /* LaunchScreen.storyboard in Resources */ = {isa = PBXBuildFile; fileRef = D8BDDFD01E9D570200759851 /* LaunchScreen.storyboard */; };
		D8BDDFDD1E9D570200759851 /* MosaixTests.swift in Sources */ = {isa = PBXBuildFile; fileRef = D8BDDFDC1E9D570200759851 /* MosaixTests.swift */; };
		D8BDDFE81E9D570200759851 /* MosaixUITests.swift in Sources */ = {isa = PBXBuildFile; fileRef = D8BDDFE71E9D570200759851 /* MosaixUITests.swift */; };
		D8BDDFF61E9D6D4500759851 /* OptionsViewController.swift in Sources */ = {isa = PBXBuildFile; fileRef = D8BDDFF51E9D6D4500759851 /* OptionsViewController.swift */; };
		E725E3361EC5837600E2E119 /* VideoFixOrientation.swift in Sources */ = {isa = PBXBuildFile; fileRef = E725E3351EC5837600E2E119 /* VideoFixOrientation.swift */; };
		E756AFC91E9D958A005E2950 /* CompositePhotoViewController.swift in Sources */ = {isa = PBXBuildFile; fileRef = E756AFC81E9D958A005E2950 /* CompositePhotoViewController.swift */; };
		E756AFCB1E9D95C8005E2950 /* CreateMosaicViewController.swift in Sources */ = {isa = PBXBuildFile; fileRef = E756AFCA1E9D95C8005E2950 /* CreateMosaicViewController.swift */; };
/* End PBXBuildFile section */

/* Begin PBXContainerItemProxy section */
		D8BDDFD91E9D570200759851 /* PBXContainerItemProxy */ = {
			isa = PBXContainerItemProxy;
			containerPortal = D8BDDFB91E9D570200759851 /* Project object */;
			proxyType = 1;
			remoteGlobalIDString = D8BDDFC01E9D570200759851;
			remoteInfo = Mosaix;
		};
		D8BDDFE41E9D570200759851 /* PBXContainerItemProxy */ = {
			isa = PBXContainerItemProxy;
			containerPortal = D8BDDFB91E9D570200759851 /* Project object */;
			proxyType = 1;
			remoteGlobalIDString = D8BDDFC01E9D570200759851;
			remoteInfo = Mosaix;
		};
/* End PBXContainerItemProxy section */

/* Begin PBXFileReference section */
		D84014FE1EBCFAA2004A3C44 /* KDTree.swift */ = {isa = PBXFileReference; fileEncoding = 4; lastKnownFileType = sourcecode.swift; path = KDTree.swift; sourceTree = "<group>"; };
		D84015011EBCFBFE004A3C44 /* TPAStorage.swift */ = {isa = PBXFileReference; fileEncoding = 4; lastKnownFileType = sourcecode.swift; path = TPAStorage.swift; sourceTree = "<group>"; };
		D84015031EBD0442004A3C44 /* TPADictionary.swift */ = {isa = PBXFileReference; fileEncoding = 4; lastKnownFileType = sourcecode.swift; path = TPADictionary.swift; sourceTree = "<group>"; };
		D84135C71EC26E4000500CAD /* TPAArray.swift */ = {isa = PBXFileReference; fileEncoding = 4; lastKnownFileType = sourcecode.swift; path = TPAArray.swift; sourceTree = "<group>"; };
		D86AD36F1EA6BF5100E374BD /* TenPointAveraging.swift */ = {isa = PBXFileReference; fileEncoding = 4; lastKnownFileType = sourcecode.swift; path = TenPointAveraging.swift; sourceTree = "<group>"; };
		D86AD3711EA6BF5B00E374BD /* PhotoProcessor.swift */ = {isa = PBXFileReference; fileEncoding = 4; lastKnownFileType = sourcecode.swift; path = PhotoProcessor.swift; sourceTree = "<group>"; };
		D86AD3731EA7D65C00E374BD /* TenPointAveraging.metal */ = {isa = PBXFileReference; fileEncoding = 4; lastKnownFileType = sourcecode.metal; path = TenPointAveraging.metal; sourceTree = "<group>"; };
		D872FD9A1EBEBA18000F4415 /* MosaicCreationTimer.swift */ = {isa = PBXFileReference; fileEncoding = 4; lastKnownFileType = sourcecode.swift; path = MosaicCreationTimer.swift; sourceTree = "<group>"; };
		D888EDB91E9D8D360046AF9F /* ImageSelection.swift */ = {isa = PBXFileReference; fileEncoding = 4; lastKnownFileType = sourcecode.swift; path = ImageSelection.swift; sourceTree = "<group>"; };
		D888EDBC1E9D91EF0046AF9F /* NaiveImageSelection.swift */ = {isa = PBXFileReference; fileEncoding = 4; lastKnownFileType = sourcecode.swift; path = NaiveImageSelection.swift; sourceTree = "<group>"; };
		D888EDBE1E9D93770046AF9F /* MetalImageSelection.swift */ = {isa = PBXFileReference; fileEncoding = 4; lastKnownFileType = sourcecode.swift; path = MetalImageSelection.swift; sourceTree = "<group>"; };
		D888EDC31EA1977F0046AF9F /* MosaicCreator.swift */ = {isa = PBXFileReference; fileEncoding = 4; lastKnownFileType = sourcecode.swift; path = MosaicCreator.swift; sourceTree = "<group>"; };
		D8A789D21EC4DA6800476642 /* MetalPipeline.swift */ = {isa = PBXFileReference; fileEncoding = 4; lastKnownFileType = sourcecode.swift; path = MetalPipeline.swift; sourceTree = "<group>"; };
		D8A789D41EC5145F00476642 /* UIImageFixOrientation.swift */ = {isa = PBXFileReference; fileEncoding = 4; lastKnownFileType = sourcecode.swift; path = UIImageFixOrientation.swift; sourceTree = "<group>"; };
		D8BDDFC11E9D570200759851 /* Mosaix.app */ = {isa = PBXFileReference; explicitFileType = wrapper.application; includeInIndex = 0; path = Mosaix.app; sourceTree = BUILT_PRODUCTS_DIR; };
		D8BDDFC41E9D570200759851 /* AppDelegate.swift */ = {isa = PBXFileReference; lastKnownFileType = sourcecode.swift; path = AppDelegate.swift; sourceTree = "<group>"; };
		D8BDDFC61E9D570200759851 /* ChoosePhotoViewController.swift */ = {isa = PBXFileReference; lastKnownFileType = sourcecode.swift; path = ChoosePhotoViewController.swift; sourceTree = "<group>"; };
		D8BDDFC91E9D570200759851 /* Base */ = {isa = PBXFileReference; lastKnownFileType = file.storyboard; name = Base; path = Base.lproj/Main.storyboard; sourceTree = "<group>"; };
		D8BDDFCC1E9D570200759851 /* Mosaix.xcdatamodel */ = {isa = PBXFileReference; lastKnownFileType = wrapper.xcdatamodel; path = Mosaix.xcdatamodel; sourceTree = "<group>"; };
		D8BDDFCE1E9D570200759851 /* Assets.xcassets */ = {isa = PBXFileReference; lastKnownFileType = folder.assetcatalog; path = Assets.xcassets; sourceTree = "<group>"; };
		D8BDDFD11E9D570200759851 /* Base */ = {isa = PBXFileReference; lastKnownFileType = file.storyboard; name = Base; path = Base.lproj/LaunchScreen.storyboard; sourceTree = "<group>"; };
		D8BDDFD31E9D570200759851 /* Info.plist */ = {isa = PBXFileReference; lastKnownFileType = text.plist.xml; path = Info.plist; sourceTree = "<group>"; };
		D8BDDFD81E9D570200759851 /* MosaixTests.xctest */ = {isa = PBXFileReference; explicitFileType = wrapper.cfbundle; includeInIndex = 0; path = MosaixTests.xctest; sourceTree = BUILT_PRODUCTS_DIR; };
		D8BDDFDC1E9D570200759851 /* MosaixTests.swift */ = {isa = PBXFileReference; lastKnownFileType = sourcecode.swift; path = MosaixTests.swift; sourceTree = "<group>"; };
		D8BDDFDE1E9D570200759851 /* Info.plist */ = {isa = PBXFileReference; lastKnownFileType = text.plist.xml; path = Info.plist; sourceTree = "<group>"; };
		D8BDDFE31E9D570200759851 /* MosaixUITests.xctest */ = {isa = PBXFileReference; explicitFileType = wrapper.cfbundle; includeInIndex = 0; path = MosaixUITests.xctest; sourceTree = BUILT_PRODUCTS_DIR; };
		D8BDDFE71E9D570200759851 /* MosaixUITests.swift */ = {isa = PBXFileReference; lastKnownFileType = sourcecode.swift; path = MosaixUITests.swift; sourceTree = "<group>"; };
		D8BDDFE91E9D570200759851 /* Info.plist */ = {isa = PBXFileReference; lastKnownFileType = text.plist.xml; path = Info.plist; sourceTree = "<group>"; };
		D8BDDFF51E9D6D4500759851 /* OptionsViewController.swift */ = {isa = PBXFileReference; fileEncoding = 4; lastKnownFileType = sourcecode.swift; path = OptionsViewController.swift; sourceTree = "<group>"; };
		E725E3351EC5837600E2E119 /* VideoFixOrientation.swift */ = {isa = PBXFileReference; fileEncoding = 4; lastKnownFileType = sourcecode.swift; path = VideoFixOrientation.swift; sourceTree = "<group>"; };
		E756AFC81E9D958A005E2950 /* CompositePhotoViewController.swift */ = {isa = PBXFileReference; fileEncoding = 4; lastKnownFileType = sourcecode.swift; path = CompositePhotoViewController.swift; sourceTree = "<group>"; };
		E756AFCA1E9D95C8005E2950 /* CreateMosaicViewController.swift */ = {isa = PBXFileReference; fileEncoding = 4; lastKnownFileType = sourcecode.swift; path = CreateMosaicViewController.swift; sourceTree = "<group>"; };
/* End PBXFileReference section */

/* Begin PBXFrameworksBuildPhase section */
		D8BDDFBE1E9D570200759851 /* Frameworks */ = {
			isa = PBXFrameworksBuildPhase;
			buildActionMask = 2147483647;
			files = (
			);
			runOnlyForDeploymentPostprocessing = 0;
		};
		D8BDDFD51E9D570200759851 /* Frameworks */ = {
			isa = PBXFrameworksBuildPhase;
			buildActionMask = 2147483647;
			files = (
			);
			runOnlyForDeploymentPostprocessing = 0;
		};
		D8BDDFE01E9D570200759851 /* Frameworks */ = {
			isa = PBXFrameworksBuildPhase;
			buildActionMask = 2147483647;
			files = (
			);
			runOnlyForDeploymentPostprocessing = 0;
		};
/* End PBXFrameworksBuildPhase section */

/* Begin PBXGroup section */
		D84015001EBCFB90004A3C44 /* TPAStorage */ = {
			isa = PBXGroup;
			children = (
				D84014FE1EBCFAA2004A3C44 /* KDTree.swift */,
				D84015011EBCFBFE004A3C44 /* TPAStorage.swift */,
				D84015031EBD0442004A3C44 /* TPADictionary.swift */,
				D84135C71EC26E4000500CAD /* TPAArray.swift */,
			);
			name = TPAStorage;
			sourceTree = "<group>";
		};
		D86AD36E1EA6B9D800E374BD /* PhotoProcessor */ = {
			isa = PBXGroup;
			children = (
				D84015001EBCFB90004A3C44 /* TPAStorage */,
				D86AD36F1EA6BF5100E374BD /* TenPointAveraging.swift */,
				D86AD3731EA7D65C00E374BD /* TenPointAveraging.metal */,
				D86AD3711EA6BF5B00E374BD /* PhotoProcessor.swift */,
				D8A789D21EC4DA6800476642 /* MetalPipeline.swift */,
			);
			name = PhotoProcessor;
			sourceTree = "<group>";
		};
		D888EDBB1E9D91D30046AF9F /* ImageSelection */ = {
			isa = PBXGroup;
			children = (
				D888EDB91E9D8D360046AF9F /* ImageSelection.swift */,
				D888EDBC1E9D91EF0046AF9F /* NaiveImageSelection.swift */,
				D888EDBE1E9D93770046AF9F /* MetalImageSelection.swift */,
			);
			name = ImageSelection;
			sourceTree = "<group>";
		};
		D888EDC21EA197730046AF9F /* MosaicCreation */ = {
			isa = PBXGroup;
			children = (
				D888EDC31EA1977F0046AF9F /* MosaicCreator.swift */,
				D872FD9A1EBEBA18000F4415 /* MosaicCreationTimer.swift */,
				D8A789D41EC5145F00476642 /* UIImageFixOrientation.swift */,
				E725E3351EC5837600E2E119 /* VideoFixOrientation.swift */,
			);
			name = MosaicCreation;
			sourceTree = "<group>";
		};
		D8BDDFB81E9D570200759851 = {
			isa = PBXGroup;
			children = (
				D8BDDFC31E9D570200759851 /* Mosaix */,
				D8BDDFDB1E9D570200759851 /* MosaixTests */,
				D8BDDFE61E9D570200759851 /* MosaixUITests */,
				D8BDDFC21E9D570200759851 /* Products */,
			);
			sourceTree = "<group>";
		};
		D8BDDFC21E9D570200759851 /* Products */ = {
			isa = PBXGroup;
			children = (
				D8BDDFC11E9D570200759851 /* Mosaix.app */,
				D8BDDFD81E9D570200759851 /* MosaixTests.xctest */,
				D8BDDFE31E9D570200759851 /* MosaixUITests.xctest */,
			);
			name = Products;
			sourceTree = "<group>";
		};
		D8BDDFC31E9D570200759851 /* Mosaix */ = {
			isa = PBXGroup;
			children = (
				D86AD36E1EA6B9D800E374BD /* PhotoProcessor */,
				D8BDDFC41E9D570200759851 /* AppDelegate.swift */,
				D888EDC21EA197730046AF9F /* MosaicCreation */,
				D888EDBB1E9D91D30046AF9F /* ImageSelection */,
				E756AFC71E9D939C005E2950 /* View Controllers */,
				D8BDDFC81E9D570200759851 /* Main.storyboard */,
				D8BDDFCE1E9D570200759851 /* Assets.xcassets */,
				D8BDDFD01E9D570200759851 /* LaunchScreen.storyboard */,
				D8BDDFD31E9D570200759851 /* Info.plist */,
				D8BDDFCB1E9D570200759851 /* Mosaix.xcdatamodeld */,
			);
			path = Mosaix;
			sourceTree = "<group>";
		};
		D8BDDFDB1E9D570200759851 /* MosaixTests */ = {
			isa = PBXGroup;
			children = (
				D8BDDFDC1E9D570200759851 /* MosaixTests.swift */,
				D8BDDFDE1E9D570200759851 /* Info.plist */,
			);
			path = MosaixTests;
			sourceTree = "<group>";
		};
		D8BDDFE61E9D570200759851 /* MosaixUITests */ = {
			isa = PBXGroup;
			children = (
				D8BDDFE71E9D570200759851 /* MosaixUITests.swift */,
				D8BDDFE91E9D570200759851 /* Info.plist */,
			);
			path = MosaixUITests;
			sourceTree = "<group>";
		};
		E756AFC71E9D939C005E2950 /* View Controllers */ = {
			isa = PBXGroup;
			children = (
				D8BDDFC61E9D570200759851 /* ChoosePhotoViewController.swift */,
				E756AFCA1E9D95C8005E2950 /* CreateMosaicViewController.swift */,
				D8BDDFF51E9D6D4500759851 /* OptionsViewController.swift */,
				E756AFC81E9D958A005E2950 /* CompositePhotoViewController.swift */,
			);
			name = "View Controllers";
			sourceTree = "<group>";
		};
/* End PBXGroup section */

/* Begin PBXNativeTarget section */
		D8BDDFC01E9D570200759851 /* Mosaix */ = {
			isa = PBXNativeTarget;
			buildConfigurationList = D8BDDFEC1E9D570200759851 /* Build configuration list for PBXNativeTarget "Mosaix" */;
			buildPhases = (
				D8BDDFBD1E9D570200759851 /* Sources */,
				D8BDDFBE1E9D570200759851 /* Frameworks */,
				D8BDDFBF1E9D570200759851 /* Resources */,
			);
			buildRules = (
			);
			dependencies = (
			);
			name = Mosaix;
			productName = Mosaix;
			productReference = D8BDDFC11E9D570200759851 /* Mosaix.app */;
			productType = "com.apple.product-type.application";
		};
		D8BDDFD71E9D570200759851 /* MosaixTests */ = {
			isa = PBXNativeTarget;
			buildConfigurationList = D8BDDFEF1E9D570200759851 /* Build configuration list for PBXNativeTarget "MosaixTests" */;
			buildPhases = (
				D8BDDFD41E9D570200759851 /* Sources */,
				D8BDDFD51E9D570200759851 /* Frameworks */,
				D8BDDFD61E9D570200759851 /* Resources */,
			);
			buildRules = (
			);
			dependencies = (
				D8BDDFDA1E9D570200759851 /* PBXTargetDependency */,
			);
			name = MosaixTests;
			productName = MosaixTests;
			productReference = D8BDDFD81E9D570200759851 /* MosaixTests.xctest */;
			productType = "com.apple.product-type.bundle.unit-test";
		};
		D8BDDFE21E9D570200759851 /* MosaixUITests */ = {
			isa = PBXNativeTarget;
			buildConfigurationList = D8BDDFF21E9D570200759851 /* Build configuration list for PBXNativeTarget "MosaixUITests" */;
			buildPhases = (
				D8BDDFDF1E9D570200759851 /* Sources */,
				D8BDDFE01E9D570200759851 /* Frameworks */,
				D8BDDFE11E9D570200759851 /* Resources */,
			);
			buildRules = (
			);
			dependencies = (
				D8BDDFE51E9D570200759851 /* PBXTargetDependency */,
			);
			name = MosaixUITests;
			productName = MosaixUITests;
			productReference = D8BDDFE31E9D570200759851 /* MosaixUITests.xctest */;
			productType = "com.apple.product-type.bundle.ui-testing";
		};
/* End PBXNativeTarget section */

/* Begin PBXProject section */
		D8BDDFB91E9D570200759851 /* Project object */ = {
			isa = PBXProject;
			attributes = {
				LastSwiftUpdateCheck = 0830;
				LastUpgradeCheck = 0830;
				ORGANIZATIONNAME = "Nathan Eliason";
				TargetAttributes = {
					D8BDDFC01E9D570200759851 = {
						CreatedOnToolsVersion = 8.3;
						DevelopmentTeam = RN25355ML8;
						ProvisioningStyle = Automatic;
					};
					D8BDDFD71E9D570200759851 = {
						CreatedOnToolsVersion = 8.3;
						DevelopmentTeam = RN25355ML8;
						ProvisioningStyle = Automatic;
						TestTargetID = D8BDDFC01E9D570200759851;
					};
					D8BDDFE21E9D570200759851 = {
						CreatedOnToolsVersion = 8.3;
						DevelopmentTeam = RN25355ML8;
						ProvisioningStyle = Automatic;
						TestTargetID = D8BDDFC01E9D570200759851;
					};
				};
			};
			buildConfigurationList = D8BDDFBC1E9D570200759851 /* Build configuration list for PBXProject "Mosaix" */;
			compatibilityVersion = "Xcode 3.2";
			developmentRegion = English;
			hasScannedForEncodings = 0;
			knownRegions = (
				en,
				Base,
			);
			mainGroup = D8BDDFB81E9D570200759851;
			productRefGroup = D8BDDFC21E9D570200759851 /* Products */;
			projectDirPath = "";
			projectRoot = "";
			targets = (
				D8BDDFC01E9D570200759851 /* Mosaix */,
				D8BDDFD71E9D570200759851 /* MosaixTests */,
				D8BDDFE21E9D570200759851 /* MosaixUITests */,
			);
		};
/* End PBXProject section */

/* Begin PBXResourcesBuildPhase section */
		D8BDDFBF1E9D570200759851 /* Resources */ = {
			isa = PBXResourcesBuildPhase;
			buildActionMask = 2147483647;
			files = (
				D8BDDFD21E9D570200759851 /* LaunchScreen.storyboard in Resources */,
				D8BDDFCF1E9D570200759851 /* Assets.xcassets in Resources */,
				D8BDDFCA1E9D570200759851 /* Main.storyboard in Resources */,
			);
			runOnlyForDeploymentPostprocessing = 0;
		};
		D8BDDFD61E9D570200759851 /* Resources */ = {
			isa = PBXResourcesBuildPhase;
			buildActionMask = 2147483647;
			files = (
			);
			runOnlyForDeploymentPostprocessing = 0;
		};
		D8BDDFE11E9D570200759851 /* Resources */ = {
			isa = PBXResourcesBuildPhase;
			buildActionMask = 2147483647;
			files = (
			);
			runOnlyForDeploymentPostprocessing = 0;
		};
/* End PBXResourcesBuildPhase section */

/* Begin PBXSourcesBuildPhase section */
		D8BDDFBD1E9D570200759851 /* Sources */ = {
			isa = PBXSourcesBuildPhase;
			buildActionMask = 2147483647;
			files = (
				D86AD3701EA6BF5100E374BD /* TenPointAveraging.swift in Sources */,
				D888EDBF1E9D93770046AF9F /* MetalImageSelection.swift in Sources */,
				D8A789D51EC5145F00476642 /* UIImageFixOrientation.swift in Sources */,
				D888EDC41EA1977F0046AF9F /* MosaicCreator.swift in Sources */,
				D888EDBA1E9D8D360046AF9F /* ImageSelection.swift in Sources */,
				D888EDBD1E9D91EF0046AF9F /* NaiveImageSelection.swift in Sources */,
				D86AD3741EA7D65C00E374BD /* TenPointAveraging.metal in Sources */,
				D8BDDFC71E9D570200759851 /* ChoosePhotoViewController.swift in Sources */,
				D8BDDFF61E9D6D4500759851 /* OptionsViewController.swift in Sources */,
				D84014FF1EBCFAA2004A3C44 /* KDTree.swift in Sources */,
				D84135C81EC26E4000500CAD /* TPAArray.swift in Sources */,
				D84015041EBD0442004A3C44 /* TPADictionary.swift in Sources */,
				D8BDDFC51E9D570200759851 /* AppDelegate.swift in Sources */,
				D84015021EBCFBFE004A3C44 /* TPAStorage.swift in Sources */,
				E756AFC91E9D958A005E2950 /* CompositePhotoViewController.swift in Sources */,
				D8A789D31EC4DA6800476642 /* MetalPipeline.swift in Sources */,
				E725E3361EC5837600E2E119 /* VideoFixOrientation.swift in Sources */,
				D872FD9B1EBEBA18000F4415 /* MosaicCreationTimer.swift in Sources */,
				E756AFCB1E9D95C8005E2950 /* CreateMosaicViewController.swift in Sources */,
				D86AD3721EA6BF5B00E374BD /* PhotoProcessor.swift in Sources */,
				D8BDDFCD1E9D570200759851 /* Mosaix.xcdatamodeld in Sources */,
			);
			runOnlyForDeploymentPostprocessing = 0;
		};
		D8BDDFD41E9D570200759851 /* Sources */ = {
			isa = PBXSourcesBuildPhase;
			buildActionMask = 2147483647;
			files = (
				D8BDDFDD1E9D570200759851 /* MosaixTests.swift in Sources */,
			);
			runOnlyForDeploymentPostprocessing = 0;
		};
		D8BDDFDF1E9D570200759851 /* Sources */ = {
			isa = PBXSourcesBuildPhase;
			buildActionMask = 2147483647;
			files = (
				D8BDDFE81E9D570200759851 /* MosaixUITests.swift in Sources */,
			);
			runOnlyForDeploymentPostprocessing = 0;
		};
/* End PBXSourcesBuildPhase section */

/* Begin PBXTargetDependency section */
		D8BDDFDA1E9D570200759851 /* PBXTargetDependency */ = {
			isa = PBXTargetDependency;
			target = D8BDDFC01E9D570200759851 /* Mosaix */;
			targetProxy = D8BDDFD91E9D570200759851 /* PBXContainerItemProxy */;
		};
		D8BDDFE51E9D570200759851 /* PBXTargetDependency */ = {
			isa = PBXTargetDependency;
			target = D8BDDFC01E9D570200759851 /* Mosaix */;
			targetProxy = D8BDDFE41E9D570200759851 /* PBXContainerItemProxy */;
		};
/* End PBXTargetDependency section */

/* Begin PBXVariantGroup section */
		D8BDDFC81E9D570200759851 /* Main.storyboard */ = {
			isa = PBXVariantGroup;
			children = (
				D8BDDFC91E9D570200759851 /* Base */,
			);
			name = Main.storyboard;
			sourceTree = "<group>";
		};
		D8BDDFD01E9D570200759851 /* LaunchScreen.storyboard */ = {
			isa = PBXVariantGroup;
			children = (
				D8BDDFD11E9D570200759851 /* Base */,
			);
			name = LaunchScreen.storyboard;
			sourceTree = "<group>";
		};
/* End PBXVariantGroup section */

/* Begin XCBuildConfiguration section */
		D8BDDFEA1E9D570200759851 /* Debug */ = {
			isa = XCBuildConfiguration;
			buildSettings = {
				ALWAYS_SEARCH_USER_PATHS = NO;
				CLANG_ANALYZER_NONNULL = YES;
				CLANG_ANALYZER_NUMBER_OBJECT_CONVERSION = YES_AGGRESSIVE;
				CLANG_CXX_LANGUAGE_STANDARD = "gnu++0x";
				CLANG_CXX_LIBRARY = "libc++";
				CLANG_ENABLE_MODULES = YES;
				CLANG_ENABLE_OBJC_ARC = YES;
				CLANG_WARN_BOOL_CONVERSION = YES;
				CLANG_WARN_CONSTANT_CONVERSION = YES;
				CLANG_WARN_DIRECT_OBJC_ISA_USAGE = YES_ERROR;
				CLANG_WARN_DOCUMENTATION_COMMENTS = YES;
				CLANG_WARN_EMPTY_BODY = YES;
				CLANG_WARN_ENUM_CONVERSION = YES;
				CLANG_WARN_INFINITE_RECURSION = YES;
				CLANG_WARN_INT_CONVERSION = YES;
				CLANG_WARN_OBJC_ROOT_CLASS = YES_ERROR;
				CLANG_WARN_SUSPICIOUS_MOVE = YES;
				CLANG_WARN_UNREACHABLE_CODE = YES;
				CLANG_WARN__DUPLICATE_METHOD_MATCH = YES;
				"CODE_SIGN_IDENTITY[sdk=iphoneos*]" = "iPhone Developer";
				COPY_PHASE_STRIP = NO;
				DEBUG_INFORMATION_FORMAT = dwarf;
				ENABLE_STRICT_OBJC_MSGSEND = YES;
				ENABLE_TESTABILITY = YES;
				GCC_C_LANGUAGE_STANDARD = gnu99;
				GCC_DYNAMIC_NO_PIC = NO;
				GCC_NO_COMMON_BLOCKS = YES;
				GCC_OPTIMIZATION_LEVEL = 0;
				GCC_PREPROCESSOR_DEFINITIONS = (
					"DEBUG=1",
					"$(inherited)",
				);
				GCC_WARN_64_TO_32_BIT_CONVERSION = YES;
				GCC_WARN_ABOUT_RETURN_TYPE = YES_ERROR;
				GCC_WARN_UNDECLARED_SELECTOR = YES;
				GCC_WARN_UNINITIALIZED_AUTOS = YES_AGGRESSIVE;
				GCC_WARN_UNUSED_FUNCTION = YES;
				GCC_WARN_UNUSED_VARIABLE = YES;
				IPHONEOS_DEPLOYMENT_TARGET = 10.3;
				MTL_ENABLE_DEBUG_INFO = YES;
				ONLY_ACTIVE_ARCH = YES;
				SDKROOT = iphoneos;
				SWIFT_ACTIVE_COMPILATION_CONDITIONS = DEBUG;
				SWIFT_OPTIMIZATION_LEVEL = "-Onone";
				TARGETED_DEVICE_FAMILY = "1,2";
			};
			name = Debug;
		};
		D8BDDFEB1E9D570200759851 /* Release */ = {
			isa = XCBuildConfiguration;
			buildSettings = {
				ALWAYS_SEARCH_USER_PATHS = NO;
				CLANG_ANALYZER_NONNULL = YES;
				CLANG_ANALYZER_NUMBER_OBJECT_CONVERSION = YES_AGGRESSIVE;
				CLANG_CXX_LANGUAGE_STANDARD = "gnu++0x";
				CLANG_CXX_LIBRARY = "libc++";
				CLANG_ENABLE_MODULES = YES;
				CLANG_ENABLE_OBJC_ARC = YES;
				CLANG_WARN_BOOL_CONVERSION = YES;
				CLANG_WARN_CONSTANT_CONVERSION = YES;
				CLANG_WARN_DIRECT_OBJC_ISA_USAGE = YES_ERROR;
				CLANG_WARN_DOCUMENTATION_COMMENTS = YES;
				CLANG_WARN_EMPTY_BODY = YES;
				CLANG_WARN_ENUM_CONVERSION = YES;
				CLANG_WARN_INFINITE_RECURSION = YES;
				CLANG_WARN_INT_CONVERSION = YES;
				CLANG_WARN_OBJC_ROOT_CLASS = YES_ERROR;
				CLANG_WARN_SUSPICIOUS_MOVE = YES;
				CLANG_WARN_UNREACHABLE_CODE = YES;
				CLANG_WARN__DUPLICATE_METHOD_MATCH = YES;
				"CODE_SIGN_IDENTITY[sdk=iphoneos*]" = "iPhone Developer";
				COPY_PHASE_STRIP = NO;
				DEBUG_INFORMATION_FORMAT = "dwarf-with-dsym";
				ENABLE_NS_ASSERTIONS = NO;
				ENABLE_STRICT_OBJC_MSGSEND = YES;
				GCC_C_LANGUAGE_STANDARD = gnu99;
				GCC_NO_COMMON_BLOCKS = YES;
				GCC_WARN_64_TO_32_BIT_CONVERSION = YES;
				GCC_WARN_ABOUT_RETURN_TYPE = YES_ERROR;
				GCC_WARN_UNDECLARED_SELECTOR = YES;
				GCC_WARN_UNINITIALIZED_AUTOS = YES_AGGRESSIVE;
				GCC_WARN_UNUSED_FUNCTION = YES;
				GCC_WARN_UNUSED_VARIABLE = YES;
				IPHONEOS_DEPLOYMENT_TARGET = 10.3;
				MTL_ENABLE_DEBUG_INFO = NO;
				SDKROOT = iphoneos;
				SWIFT_OPTIMIZATION_LEVEL = "-Owholemodule";
				TARGETED_DEVICE_FAMILY = "1,2";
				VALIDATE_PRODUCT = YES;
			};
			name = Release;
		};
		D8BDDFED1E9D570200759851 /* Debug */ = {
			isa = XCBuildConfiguration;
			buildSettings = {
				ASSETCATALOG_COMPILER_APPICON_NAME = AppIcon;
				ASSETCATALOG_COMPILER_OPTIMIZATION = time;
				DEVELOPMENT_TEAM = RN25355ML8;
				GCC_OPTIMIZATION_LEVEL = s;
				INFOPLIST_FILE = Mosaix/Info.plist;
				IPHONEOS_DEPLOYMENT_TARGET = 10.0;
				LD_RUNPATH_SEARCH_PATHS = "$(inherited) @executable_path/Frameworks";
				MTL_FAST_MATH = YES;
				MTL_OPTIMIZATION_LEVEL = 3;
				PRODUCT_BUNDLE_IDENTIFIER = org.ncce.Mosaix;
				PRODUCT_NAME = "$(TARGET_NAME)";
				SWIFT_OPTIMIZATION_LEVEL = "-O";
				SWIFT_VERSION = 3.0;
			};
			name = Debug;
		};
		D8BDDFEE1E9D570200759851 /* Release */ = {
			isa = XCBuildConfiguration;
			buildSettings = {
				ASSETCATALOG_COMPILER_APPICON_NAME = AppIcon;
				ASSETCATALOG_COMPILER_OPTIMIZATION = time;
				DEVELOPMENT_TEAM = RN25355ML8;
				GCC_OPTIMIZATION_LEVEL = s;
				INFOPLIST_FILE = Mosaix/Info.plist;
				IPHONEOS_DEPLOYMENT_TARGET = 10.0;
				LD_RUNPATH_SEARCH_PATHS = "$(inherited) @executable_path/Frameworks";
				MTL_FAST_MATH = YES;
				MTL_OPTIMIZATION_LEVEL = 3;
				PRODUCT_BUNDLE_IDENTIFIER = org.ncce.Mosaix;
				PRODUCT_NAME = "$(TARGET_NAME)";
				SWIFT_OPTIMIZATION_LEVEL = "-O";
				SWIFT_VERSION = 3.0;
			};
			name = Release;
		};
		D8BDDFF01E9D570200759851 /* Debug */ = {
			isa = XCBuildConfiguration;
			buildSettings = {
				ALWAYS_EMBED_SWIFT_STANDARD_LIBRARIES = YES;
				BUNDLE_LOADER = "$(TEST_HOST)";
				DEVELOPMENT_TEAM = RN25355ML8;
				INFOPLIST_FILE = MosaixTests/Info.plist;
				LD_RUNPATH_SEARCH_PATHS = "$(inherited) @executable_path/Frameworks @loader_path/Frameworks";
				PRODUCT_BUNDLE_IDENTIFIER = org.ncce.MosaixTests;
				PRODUCT_NAME = "$(TARGET_NAME)";
				SWIFT_VERSION = 3.0;
				TEST_HOST = "$(BUILT_PRODUCTS_DIR)/Mosaix.app/Mosaix";
			};
			name = Debug;
		};
		D8BDDFF11E9D570200759851 /* Release */ = {
			isa = XCBuildConfiguration;
			buildSettings = {
				ALWAYS_EMBED_SWIFT_STANDARD_LIBRARIES = YES;
				BUNDLE_LOADER = "$(TEST_HOST)";
				DEVELOPMENT_TEAM = RN25355ML8;
				INFOPLIST_FILE = MosaixTests/Info.plist;
				LD_RUNPATH_SEARCH_PATHS = "$(inherited) @executable_path/Frameworks @loader_path/Frameworks";
				PRODUCT_BUNDLE_IDENTIFIER = org.ncce.MosaixTests;
				PRODUCT_NAME = "$(TARGET_NAME)";
				SWIFT_VERSION = 3.0;
				TEST_HOST = "$(BUILT_PRODUCTS_DIR)/Mosaix.app/Mosaix";
			};
			name = Release;
		};
		D8BDDFF31E9D570200759851 /* Debug */ = {
			isa = XCBuildConfiguration;
			buildSettings = {
				ALWAYS_EMBED_SWIFT_STANDARD_LIBRARIES = YES;
				DEVELOPMENT_TEAM = RN25355ML8;
				INFOPLIST_FILE = MosaixUITests/Info.plist;
				LD_RUNPATH_SEARCH_PATHS = "$(inherited) @executable_path/Frameworks @loader_path/Frameworks";
				PRODUCT_BUNDLE_IDENTIFIER = org.ncce.MosaixUITests;
				PRODUCT_NAME = "$(TARGET_NAME)";
				SWIFT_VERSION = 3.0;
				TEST_TARGET_NAME = Mosaix;
			};
			name = Debug;
		};
		D8BDDFF41E9D570200759851 /* Release */ = {
			isa = XCBuildConfiguration;
			buildSettings = {
				ALWAYS_EMBED_SWIFT_STANDARD_LIBRARIES = YES;
				DEVELOPMENT_TEAM = RN25355ML8;
				INFOPLIST_FILE = MosaixUITests/Info.plist;
				LD_RUNPATH_SEARCH_PATHS = "$(inherited) @executable_path/Frameworks @loader_path/Frameworks";
				PRODUCT_BUNDLE_IDENTIFIER = org.ncce.MosaixUITests;
				PRODUCT_NAME = "$(TARGET_NAME)";
				SWIFT_VERSION = 3.0;
				TEST_TARGET_NAME = Mosaix;
			};
			name = Release;
		};
/* End XCBuildConfiguration section */

/* Begin XCConfigurationList section */
		D8BDDFBC1E9D570200759851 /* Build configuration list for PBXProject "Mosaix" */ = {
			isa = XCConfigurationList;
			buildConfigurations = (
				D8BDDFEA1E9D570200759851 /* Debug */,
				D8BDDFEB1E9D570200759851 /* Release */,
			);
			defaultConfigurationIsVisible = 0;
			defaultConfigurationName = Release;
		};
		D8BDDFEC1E9D570200759851 /* Build configuration list for PBXNativeTarget "Mosaix" */ = {
			isa = XCConfigurationList;
			buildConfigurations = (
				D8BDDFED1E9D570200759851 /* Debug */,
				D8BDDFEE1E9D570200759851 /* Release */,
			);
			defaultConfigurationIsVisible = 0;
			defaultConfigurationName = Release;
		};
		D8BDDFEF1E9D570200759851 /* Build configuration list for PBXNativeTarget "MosaixTests" */ = {
			isa = XCConfigurationList;
			buildConfigurations = (
				D8BDDFF01E9D570200759851 /* Debug */,
				D8BDDFF11E9D570200759851 /* Release */,
			);
			defaultConfigurationIsVisible = 0;
			defaultConfigurationName = Release;
		};
		D8BDDFF21E9D570200759851 /* Build configuration list for PBXNativeTarget "MosaixUITests" */ = {
			isa = XCConfigurationList;
			buildConfigurations = (
				D8BDDFF31E9D570200759851 /* Debug */,
				D8BDDFF41E9D570200759851 /* Release */,
			);
			defaultConfigurationIsVisible = 0;
			defaultConfigurationName = Release;
		};
/* End XCConfigurationList section */

/* Begin XCVersionGroup section */
		D8BDDFCB1E9D570200759851 /* Mosaix.xcdatamodeld */ = {
			isa = XCVersionGroup;
			children = (
				D8BDDFCC1E9D570200759851 /* Mosaix.xcdatamodel */,
			);
			currentVersion = D8BDDFCC1E9D570200759851 /* Mosaix.xcdatamodel */;
			path = Mosaix.xcdatamodeld;
			sourceTree = "<group>";
			versionGroupType = wrapper.xcdatamodel;
		};
/* End XCVersionGroup section */
	};
	rootObject = D8BDDFB91E9D570200759851 /* Project object */;
}
